{
  "name": "@paddlejs/paddlejs-backend-webgpu",
  "version": "0.0.2-beta.3",
  "lockfileVersion": 1,
  "requires": true,
  "dependencies": {
    "@webgpu/glslang": {
      "version": "0.0.12",
      "resolved": "https://registry.npmjs.org/@webgpu/glslang/-/glslang-0.0.12.tgz",
      "integrity": "sha512-GfEVo1GUxNfXjO4Z7I06XXYJA45N6sHoKqI5Ptf3vafnPowq2C1woCqVe7frsClMfBB2yLn1vJss2oWl5EdTig=="
    },
    "@webgpu/types": {
      "version": "0.0.32",
      "resolved": "https://registry.npmjs.org/@webgpu/types/-/types-0.0.32.tgz",
      "integrity": "sha512-fu2yAHYCtdL7PWrR97iK9s5riIKnbliA0WIthKZ83YDjpBZSFsMISwNyXli2X7ucEuKa5B390DKxTtkpORu9EQ=="
    }
  }
}
