{
  "name": "paddlejs-demo",
  "version": "0.0.3",
  "lockfileVersion": 1,
  "requires": true,
  "dependencies": {
    "@paddlejs/paddlejs-backend-webgl": {
      "version": "1.1.19",
      "resolved": "https://registry.npmjs.org/@paddlejs/paddlejs-backend-webgl/-/paddlejs-backend-webgl-1.1.19.tgz",
      "integrity": "sha512-m4akW0EZJOYFO181Q2C22Zs2olEn5H+J/gqzBDHPcuE87M3e9q2OtHpIduor31z0xnUii+6gn2zk3BvASU8CuA=="
    },
    "@paddlejs/paddlejs-core": {
      "version": "2.1.17",
      "resolved": "https://registry.npmjs.org/@paddlejs/paddlejs-core/-/paddlejs-core-2.1.17.tgz",
      "integrity": "sha512-L4+y6X9VMoiWQm5JbvLT85SZcW7wD4Ieq7k1m1yXeJK+q56Ra6Gc5n0MDV+RyIWwqP35FxIk1oBvmcH/QpU/2g=="
    },
    "d3-polygon": {
      "version": "2.0.0",
      "resolved": "https://registry.npmjs.org/d3-polygon/-/d3-polygon-2.0.0.tgz",
      "integrity": "sha512-MsexrCK38cTGermELs0cO1d79DcTsQRN7IWMJKczD/2kBjzNXxLUWP33qRF6VDpiLV/4EI4r6Gs0DAWQkE8pSQ=="
    },
    "js-clipper": {
      "version": "1.0.1",
      "resolved": "https://registry.npmjs.org/js-clipper/-/js-clipper-1.0.1.tgz",
      "integrity": "sha1-TWsHQ0pECOfBKeMiAc5m0hR07SE="
    },
    "number-precision": {
      "version": "1.5.2",
      "resolved": "https://registry.npmjs.org/number-precision/-/number-precision-1.5.2.tgz",
      "integrity": "sha512-q7C1ZW3FyjsJ+IpGB6ykX8OWWa5+6M+hEY0zXBlzq1Sq1IPY9GeI3CQ9b2i6CMIYoeSuFhop2Av/OhCxClXqag=="
    }
  }
}
