{
  "name": "paddlejs-backend-cpu",
  "version": "0.0.1",
  "lockfileVersion": 1,
  "requires": true,
  "dependencies": {
    "@paddlejs/paddlejs-core": {
      "version": "0.0.2-beta.14",
      "resolved": "https://registry.npmjs.org/@paddlejs/paddlejs-core/-/paddlejs-core-0.0.2-beta.14.tgz",
      "integrity": "sha512-e8oLBodaR9NjCpfCa+PyIKSsLILKtOVr7DSWrWisQX3yUPwyD22XijWzqV/f2IkYAqbLjIGEI+dTT37gSoNtTA=="
    }
  }
}
